
Microsoft Visual Studio Solution File, Format Version 12.00
# Visual Studio Version 17
VisualStudioVersion = 17.10.35013.160
MinimumVisualStudioVersion = 10.0.40219.1
Project("{FAE04EC0-301F-11D3-BF4B-00C04F79EFBC}") = "oop-3", "oop-3\oop-3.csproj", "{61FC1DD0-4411-4D9E-A49C-EE8D38756779}"
EndProject
Global
	GlobalSection(SolutionConfigurationPlatforms) = preSolution
		Debug|Any CPU = Debug|Any CPU
		Release|Any CPU = Release|Any CPU
	EndGlobalSection
	GlobalSection(ProjectConfigurationPlatforms) = postSolution
		{61FC1DD0-4411-4D9E-A49C-EE8D38756779}.Debug|Any CPU.ActiveCfg = Debug|Any CPU
		{61FC1DD0-4411-4D9E-A49C-EE8D38756779}.Debug|Any CPU.Build.0 = Debug|Any CPU
		{61FC1DD0-4411-4D9E-A49C-EE8D38756779}.Release|Any CPU.ActiveCfg = Release|Any CPU
		{61FC1DD0-4411-4D9E-A49C-EE8D38756779}.Release|Any CPU.Build.0 = Release|Any CPU
	EndGlobalSection
	GlobalSection(SolutionProperties) = preSolution
		HideSolutionNode = FALSE
	EndGlobalSection
	GlobalSection(ExtensibilityGlobals) = postSolution
		SolutionGuid = {58F319EE-561F-475E-B735-EB71C751055A}
	EndGlobalSection
EndGlobal
